// !$*UTF8*$!
{
	archiveVersion = 1;
	classes = {
	};
	objectVersion = 51;
	objects = {

/* Begin PBXBuildFile section */
		0A32FCD81C77727A880FDF76 /* libPods-SLFaceLandmarkDemo.a in Frameworks */ = {isa = PBXBuildFile; fileRef = 8A7F4DF726242CB06A4CF17A /* libPods-SLFaceLandmarkDemo.a */; };
		6B06553D25183E5B00D94D5E /* SLFacialFeatureAnalyzer.m in Sources */ = {isa = PBXBuildFile; fileRef = 6B06553C25183E5B00D94D5E /* SLFacialFeatureAnalyzer.m */; };
		6B0C24C92530461500341772 /* SLBaseAnalyzer.m in Sources */ = {isa = PBXBuildFile; fileRef = 6B0C24C82530461500341772 /* SLBaseAnalyzer.m */; };
		6B0C24CC2530462E00341772 /* SLNoseFeatureAnalyzer.m in Sources */ = {isa = PBXBuildFile; fileRef = 6B0C24CB2530462E00341772 /* SLNoseFeatureAnalyzer.m */; };
		6B0C24CF25304BB900341772 /* SLJawFeatureAnalyzer.m in Sources */ = {isa = PBXBuildFile; fileRef = 6B0C24CE25304BB900341772 /* SLJawFeatureAnalyzer.m */; };
		6B0C24D22530524700341772 /* SLMouthFeatureAnalyzer.m in Sources */ = {isa = PBXBuildFile; fileRef = 6B0C24D12530524700341772 /* SLMouthFeatureAnalyzer.m */; };
		6B0C24D52530555C00341772 /* SLEyeFeatureAnalyzer.m in Sources */ = {isa = PBXBuildFile; fileRef = 6B0C24D42530555C00341772 /* SLEyeFeatureAnalyzer.m */; };
		6B0C24D82530556C00341772 /* SLEyeBrowFeatureAnalyzer.m in Sources */ = {isa = PBXBuildFile; fileRef = 6B0C24D72530556C00341772 /* SLEyeBrowFeatureAnalyzer.m */; };
		6B0C24DB2530557B00341772 /* SLFaceFeatureAnalyzer.m in Sources */ = {isa = PBXBuildFile; fileRef = 6B0C24DA2530557B00341772 /* SLFaceFeatureAnalyzer.m */; };
		6B0C24DE2530559000341772 /* SLFiveEyesAnalyzer.m in Sources */ = {isa = PBXBuildFile; fileRef = 6B0C24DD2530559000341772 /* SLFiveEyesAnalyzer.m */; };
		6B0C24E1253055A000341772 /* SLGoldenTriangleAnalyzer.m in Sources */ = {isa = PBXBuildFile; fileRef = 6B0C24E0253055A000341772 /* SLGoldenTriangleAnalyzer.m */; };
		6B0C24E4253055B000341772 /* SLThreePartsAnalyzer.m in Sources */ = {isa = PBXBuildFile; fileRef = 6B0C24E3253055B000341772 /* SLThreePartsAnalyzer.m */; };
		6B0DB81125023178004DFD14 /* 1FBD663F-A932-4168-8984-E94278B018BF.jpg in Resources */ = {isa = PBXBuildFile; fileRef = 6B0DB80F25023178004DFD14 /* 1FBD663F-A932-4168-8984-E94278B018BF.jpg */; };
		6B0DB81525024E1A004DFD14 /* UIImage+HETARFace.m in Sources */ = {isa = PBXBuildFile; fileRef = 6B0DB81325024E1A004DFD14 /* UIImage+HETARFace.m */; };
		6B5088B624F3866D00D64877 /* SSCamera.m in Sources */ = {isa = PBXBuildFile; fileRef = 6B5088B424F3866D00D64877 /* SSCamera.m */; };
		6B5088BB24F3867800D64877 /* AVCaptureDevice+SSDevice.m in Sources */ = {isa = PBXBuildFile; fileRef = 6B5088B724F3867700D64877 /* AVCaptureDevice+SSDevice.m */; };
		6B5088BC24F3867800D64877 /* UIDevice+SSDevice.m in Sources */ = {isa = PBXBuildFile; fileRef = 6B5088B824F3867800D64877 /* UIDevice+SSDevice.m */; };
		6B5088BF24F3868500D64877 /* SSFaceObject.m in Sources */ = {isa = PBXBuildFile; fileRef = 6B5088BE24F3868500D64877 /* SSFaceObject.m */; };
		6B5088C224F3879C00D64877 /* SSAnimationDelegate.m in Sources */ = {isa = PBXBuildFile; fileRef = 6B5088C024F3879C00D64877 /* SSAnimationDelegate.m */; };
		6B5088C724F3949F00D64877 /* SSGLKView.m in Sources */ = {isa = PBXBuildFile; fileRef = 6B5088C524F3949F00D64877 /* SSGLKView.m */; };
		6B5679F324FCC9A200EE0008 /* rsa_private_key_pkcs8.pem in Resources */ = {isa = PBXBuildFile; fileRef = 6B5679F124FCC9A200EE0008 /* rsa_private_key_pkcs8.pem */; };
		6B713892253154E900F8A89B /* SLFaceLandmark.framework in Frameworks */ = {isa = PBXBuildFile; fileRef = 6B713890253154E400F8A89B /* SLFaceLandmark.framework */; };
		6B713893253154E900F8A89B /* SLFaceLandmark.framework in Embed Frameworks */ = {isa = PBXBuildFile; fileRef = 6B713890253154E400F8A89B /* SLFaceLandmark.framework */; settings = {ATTRIBUTES = (CodeSignOnCopy, RemoveHeadersOnCopy, ); }; };
		6B784F17252FF4D100317D03 /* SLArithmeticUtils.m in Sources */ = {isa = PBXBuildFile; fileRef = 6B784F16252FF4D100317D03 /* SLArithmeticUtils.m */; };
		6B784F1E25303BE700317D03 /* SLPointsUtils.m in Sources */ = {isa = PBXBuildFile; fileRef = 6B784F1D25303BE700317D03 /* SLPointsUtils.m */; };
		6B8BC68B24F8DA3F004C4BF0 /* rsa_public_key.pem in Resources */ = {isa = PBXBuildFile; fileRef = 6B8BC68A24F8DA3F004C4BF0 /* rsa_public_key.pem */; };
		6B8E4B1D24EE0951003E6EC7 /* SLNavigationController.m in Sources */ = {isa = PBXBuildFile; fileRef = 6B8E4B1C24EE0951003E6EC7 /* SLNavigationController.m */; };
		6B8E4B2024EE099D003E6EC7 /* SLCommonViewController.m in Sources */ = {isa = PBXBuildFile; fileRef = 6B8E4B1F24EE099D003E6EC7 /* SLCommonViewController.m */; };
		6B8E4B2324EE09CF003E6EC7 /* SLTableViewController.m in Sources */ = {isa = PBXBuildFile; fileRef = 6B8E4B2224EE09CF003E6EC7 /* SLTableViewController.m */; };
		6B8E4B2624EE0C9C003E6EC7 /* SLImageDetectionViewController.mm in Sources */ = {isa = PBXBuildFile; fileRef = 6B8E4B2524EE0C9C003E6EC7 /* SLImageDetectionViewController.mm */; };
		6B8E4B2924EE0CAA003E6EC7 /* SLVideoBufferDetectionViewController.mm in Sources */ = {isa = PBXBuildFile; fileRef = 6B8E4B2824EE0CAA003E6EC7 /* SLVideoBufferDetectionViewController.mm */; };
		6B8E4B2C24EE0DD3003E6EC7 /* frame.jpg in Resources */ = {isa = PBXBuildFile; fileRef = 6B8E4B2B24EE0DD3003E6EC7 /* frame.jpg */; };
		6B8E4B4124EE0EE3003E6EC7 /* opencv2.framework in Frameworks */ = {isa = PBXBuildFile; fileRef = 6B8E4B3F24EE0EE3003E6EC7 /* opencv2.framework */; };
		6B9765D924EE056900CDE0FB /* AppDelegate.m in Sources */ = {isa = PBXBuildFile; fileRef = 6B9765D824EE056900CDE0FB /* AppDelegate.m */; };
		6B9765DF24EE056900CDE0FB /* ViewController.m in Sources */ = {isa = PBXBuildFile; fileRef = 6B9765DE24EE056900CDE0FB /* ViewController.m */; };
		6B9765E224EE056900CDE0FB /* Main.storyboard in Resources */ = {isa = PBXBuildFile; fileRef = 6B9765E024EE056900CDE0FB /* Main.storyboard */; };
		6B9765E424EE056B00CDE0FB /* Assets.xcassets in Resources */ = {isa = PBXBuildFile; fileRef = 6B9765E324EE056B00CDE0FB /* Assets.xcassets */; };
		6B9765E724EE056B00CDE0FB /* LaunchScreen.storyboard in Resources */ = {isa = PBXBuildFile; fileRef = 6B9765E524EE056B00CDE0FB /* LaunchScreen.storyboard */; };
		6B9765EA24EE056B00CDE0FB /* main.m in Sources */ = {isa = PBXBuildFile; fileRef = 6B9765E924EE056B00CDE0FB /* main.m */; };
/* End PBXBuildFile section */

/* Begin PBXCopyFilesBuildPhase section */
		6B71385C25314FB600F8A89B /* Embed Frameworks */ = {
			isa = PBXCopyFilesBuildPhase;
			buildActionMask = 2147483647;
			dstPath = "";
			dstSubfolderSpec = 10;
			files = (
				6B713893253154E900F8A89B /* SLFaceLandmark.framework in Embed Frameworks */,
			);
			name = "Embed Frameworks";
			runOnlyForDeploymentPostprocessing = 0;
		};
/* End PBXCopyFilesBuildPhase section */

/* Begin PBXFileReference section */
		20CA21FA3C0657A78E5EE0E4 /* Pods-SLFaceLandmarkDemo.release.xcconfig */ = {isa = PBXFileReference; includeInIndex = 1; lastKnownFileType = text.xcconfig; name = "Pods-SLFaceLandmarkDemo.release.xcconfig"; path = "Pods/Target Support Files/Pods-SLFaceLandmarkDemo/Pods-SLFaceLandmarkDemo.release.xcconfig"; sourceTree = "<group>"; };
		6B06553B25183E5B00D94D5E /* SLFacialFeatureAnalyzer.h */ = {isa = PBXFileReference; lastKnownFileType = sourcecode.c.h; path = SLFacialFeatureAnalyzer.h; sourceTree = "<group>"; };
		6B06553C25183E5B00D94D5E /* SLFacialFeatureAnalyzer.m */ = {isa = PBXFileReference; lastKnownFileType = sourcecode.c.objc; path = SLFacialFeatureAnalyzer.m; sourceTree = "<group>"; };
		6B0C24C72530461500341772 /* SLBaseAnalyzer.h */ = {isa = PBXFileReference; lastKnownFileType = sourcecode.c.h; path = SLBaseAnalyzer.h; sourceTree = "<group>"; };
		6B0C24C82530461500341772 /* SLBaseAnalyzer.m */ = {isa = PBXFileReference; lastKnownFileType = sourcecode.c.objc; path = SLBaseAnalyzer.m; sourceTree = "<group>"; };
		6B0C24CA2530462E00341772 /* SLNoseFeatureAnalyzer.h */ = {isa = PBXFileReference; lastKnownFileType = sourcecode.c.h; path = SLNoseFeatureAnalyzer.h; sourceTree = "<group>"; };
		6B0C24CB2530462E00341772 /* SLNoseFeatureAnalyzer.m */ = {isa = PBXFileReference; lastKnownFileType = sourcecode.c.objc; path = SLNoseFeatureAnalyzer.m; sourceTree = "<group>"; };
		6B0C24CD25304BB900341772 /* SLJawFeatureAnalyzer.h */ = {isa = PBXFileReference; lastKnownFileType = sourcecode.c.h; path = SLJawFeatureAnalyzer.h; sourceTree = "<group>"; };
		6B0C24CE25304BB900341772 /* SLJawFeatureAnalyzer.m */ = {isa = PBXFileReference; lastKnownFileType = sourcecode.c.objc; path = SLJawFeatureAnalyzer.m; sourceTree = "<group>"; };
		6B0C24D02530524700341772 /* SLMouthFeatureAnalyzer.h */ = {isa = PBXFileReference; lastKnownFileType = sourcecode.c.h; path = SLMouthFeatureAnalyzer.h; sourceTree = "<group>"; };
		6B0C24D12530524700341772 /* SLMouthFeatureAnalyzer.m */ = {isa = PBXFileReference; lastKnownFileType = sourcecode.c.objc; path = SLMouthFeatureAnalyzer.m; sourceTree = "<group>"; };
		6B0C24D32530555C00341772 /* SLEyeFeatureAnalyzer.h */ = {isa = PBXFileReference; lastKnownFileType = sourcecode.c.h; path = SLEyeFeatureAnalyzer.h; sourceTree = "<group>"; };
		6B0C24D42530555C00341772 /* SLEyeFeatureAnalyzer.m */ = {isa = PBXFileReference; lastKnownFileType = sourcecode.c.objc; path = SLEyeFeatureAnalyzer.m; sourceTree = "<group>"; };
		6B0C24D62530556C00341772 /* SLEyeBrowFeatureAnalyzer.h */ = {isa = PBXFileReference; lastKnownFileType = sourcecode.c.h; path = SLEyeBrowFeatureAnalyzer.h; sourceTree = "<group>"; };
		6B0C24D72530556C00341772 /* SLEyeBrowFeatureAnalyzer.m */ = {isa = PBXFileReference; lastKnownFileType = sourcecode.c.objc; path = SLEyeBrowFeatureAnalyzer.m; sourceTree = "<group>"; };
		6B0C24D92530557B00341772 /* SLFaceFeatureAnalyzer.h */ = {isa = PBXFileReference; lastKnownFileType = sourcecode.c.h; path = SLFaceFeatureAnalyzer.h; sourceTree = "<group>"; };
		6B0C24DA2530557B00341772 /* SLFaceFeatureAnalyzer.m */ = {isa = PBXFileReference; lastKnownFileType = sourcecode.c.objc; path = SLFaceFeatureAnalyzer.m; sourceTree = "<group>"; };
		6B0C24DC2530559000341772 /* SLFiveEyesAnalyzer.h */ = {isa = PBXFileReference; lastKnownFileType = sourcecode.c.h; path = SLFiveEyesAnalyzer.h; sourceTree = "<group>"; };
		6B0C24DD2530559000341772 /* SLFiveEyesAnalyzer.m */ = {isa = PBXFileReference; lastKnownFileType = sourcecode.c.objc; path = SLFiveEyesAnalyzer.m; sourceTree = "<group>"; };
		6B0C24DF253055A000341772 /* SLGoldenTriangleAnalyzer.h */ = {isa = PBXFileReference; lastKnownFileType = sourcecode.c.h; path = SLGoldenTriangleAnalyzer.h; sourceTree = "<group>"; };
		6B0C24E0253055A000341772 /* SLGoldenTriangleAnalyzer.m */ = {isa = PBXFileReference; lastKnownFileType = sourcecode.c.objc; path = SLGoldenTriangleAnalyzer.m; sourceTree = "<group>"; };
		6B0C24E2253055B000341772 /* SLThreePartsAnalyzer.h */ = {isa = PBXFileReference; lastKnownFileType = sourcecode.c.h; path = SLThreePartsAnalyzer.h; sourceTree = "<group>"; };
		6B0C24E3253055B000341772 /* SLThreePartsAnalyzer.m */ = {isa = PBXFileReference; lastKnownFileType = sourcecode.c.objc; path = SLThreePartsAnalyzer.m; sourceTree = "<group>"; };
		6B0DB80F25023178004DFD14 /* 1FBD663F-A932-4168-8984-E94278B018BF.jpg */ = {isa = PBXFileReference; lastKnownFileType = image.jpeg; path = "1FBD663F-A932-4168-8984-E94278B018BF.jpg"; sourceTree = "<group>"; };
		6B0DB81325024E1A004DFD14 /* UIImage+HETARFace.m */ = {isa = PBXFileReference; fileEncoding = 4; lastKnownFileType = sourcecode.c.objc; path = "UIImage+HETARFace.m"; sourceTree = "<group>"; };
		6B0DB81425024E1A004DFD14 /* UIImage+HETARFace.h */ = {isa = PBXFileReference; fileEncoding = 4; lastKnownFileType = sourcecode.c.h; path = "UIImage+HETARFace.h"; sourceTree = "<group>"; };
		6B5088B424F3866D00D64877 /* SSCamera.m */ = {isa = PBXFileReference; fileEncoding = 4; lastKnownFileType = sourcecode.c.objc; path = SSCamera.m; sourceTree = "<group>"; };
		6B5088B524F3866D00D64877 /* SSCamera.h */ = {isa = PBXFileReference; fileEncoding = 4; lastKnownFileType = sourcecode.c.h; path = SSCamera.h; sourceTree = "<group>"; };
		6B5088B724F3867700D64877 /* AVCaptureDevice+SSDevice.m */ = {isa = PBXFileReference; fileEncoding = 4; lastKnownFileType = sourcecode.c.objc; path = "AVCaptureDevice+SSDevice.m"; sourceTree = "<group>"; };
		6B5088B824F3867800D64877 /* UIDevice+SSDevice.m */ = {isa = PBXFileReference; fileEncoding = 4; lastKnownFileType = sourcecode.c.objc; path = "UIDevice+SSDevice.m"; sourceTree = "<group>"; };
		6B5088B924F3867800D64877 /* UIDevice+SSDevice.h */ = {isa = PBXFileReference; fileEncoding = 4; lastKnownFileType = sourcecode.c.h; path = "UIDevice+SSDevice.h"; sourceTree = "<group>"; };
		6B5088BA24F3867800D64877 /* AVCaptureDevice+SSDevice.h */ = {isa = PBXFileReference; fileEncoding = 4; lastKnownFileType = sourcecode.c.h; path = "AVCaptureDevice+SSDevice.h"; sourceTree = "<group>"; };
		6B5088BD24F3868400D64877 /* SSFaceObject.h */ = {isa = PBXFileReference; fileEncoding = 4; lastKnownFileType = sourcecode.c.h; path = SSFaceObject.h; sourceTree = "<group>"; };
		6B5088BE24F3868500D64877 /* SSFaceObject.m */ = {isa = PBXFileReference; fileEncoding = 4; lastKnownFileType = sourcecode.c.objc; path = SSFaceObject.m; sourceTree = "<group>"; };
		6B5088C024F3879C00D64877 /* SSAnimationDelegate.m */ = {isa = PBXFileReference; fileEncoding = 4; lastKnownFileType = sourcecode.c.objc; path = SSAnimationDelegate.m; sourceTree = "<group>"; };
		6B5088C124F3879C00D64877 /* SSAnimationDelegate.h */ = {isa = PBXFileReference; fileEncoding = 4; lastKnownFileType = sourcecode.c.h; path = SSAnimationDelegate.h; sourceTree = "<group>"; };
		6B5088C524F3949F00D64877 /* SSGLKView.m */ = {isa = PBXFileReference; fileEncoding = 4; lastKnownFileType = sourcecode.c.objc; path = SSGLKView.m; sourceTree = "<group>"; };
		6B5088C624F3949F00D64877 /* SSGLKView.h */ = {isa = PBXFileReference; fileEncoding = 4; lastKnownFileType = sourcecode.c.h; path = SSGLKView.h; sourceTree = "<group>"; };
		6B5679F124FCC9A200EE0008 /* rsa_private_key_pkcs8.pem */ = {isa = PBXFileReference; fileEncoding = 4; lastKnownFileType = text; path = rsa_private_key_pkcs8.pem; sourceTree = "<group>"; };
		6B713890253154E400F8A89B /* SLFaceLandmark.framework */ = {isa = PBXFileReference; lastKnownFileType = wrapper.framework; path = SLFaceLandmark.framework; sourceTree = "<group>"; };
		6B784F15252FF4D100317D03 /* SLArithmeticUtils.h */ = {isa = PBXFileReference; lastKnownFileType = sourcecode.c.h; path = SLArithmeticUtils.h; sourceTree = "<group>"; };
		6B784F16252FF4D100317D03 /* SLArithmeticUtils.m */ = {isa = PBXFileReference; lastKnownFileType = sourcecode.c.objc; path = SLArithmeticUtils.m; sourceTree = "<group>"; };
		6B784F1C25303BE700317D03 /* SLPointsUtils.h */ = {isa = PBXFileReference; lastKnownFileType = sourcecode.c.h; path = SLPointsUtils.h; sourceTree = "<group>"; };
		6B784F1D25303BE700317D03 /* SLPointsUtils.m */ = {isa = PBXFileReference; lastKnownFileType = sourcecode.c.objc; path = SLPointsUtils.m; sourceTree = "<group>"; };
		6B8BC68A24F8DA3F004C4BF0 /* rsa_public_key.pem */ = {isa = PBXFileReference; fileEncoding = 4; lastKnownFileType = text; path = rsa_public_key.pem; sourceTree = "<group>"; };
		6B8E4B1B24EE0951003E6EC7 /* SLNavigationController.h */ = {isa = PBXFileReference; lastKnownFileType = sourcecode.c.h; path = SLNavigationController.h; sourceTree = "<group>"; };
		6B8E4B1C24EE0951003E6EC7 /* SLNavigationController.m */ = {isa = PBXFileReference; lastKnownFileType = sourcecode.c.objc; path = SLNavigationController.m; sourceTree = "<group>"; };
		6B8E4B1E24EE099D003E6EC7 /* SLCommonViewController.h */ = {isa = PBXFileReference; lastKnownFileType = sourcecode.c.h; path = SLCommonViewController.h; sourceTree = "<group>"; };
		6B8E4B1F24EE099D003E6EC7 /* SLCommonViewController.m */ = {isa = PBXFileReference; lastKnownFileType = sourcecode.c.objc; path = SLCommonViewController.m; sourceTree = "<group>"; };
		6B8E4B2124EE09CF003E6EC7 /* SLTableViewController.h */ = {isa = PBXFileReference; lastKnownFileType = sourcecode.c.h; path = SLTableViewController.h; sourceTree = "<group>"; };
		6B8E4B2224EE09CF003E6EC7 /* SLTableViewController.m */ = {isa = PBXFileReference; lastKnownFileType = sourcecode.c.objc; path = SLTableViewController.m; sourceTree = "<group>"; };
		6B8E4B2424EE0C9C003E6EC7 /* SLImageDetectionViewController.h */ = {isa = PBXFileReference; lastKnownFileType = sourcecode.c.h; path = SLImageDetectionViewController.h; sourceTree = "<group>"; };
		6B8E4B2524EE0C9C003E6EC7 /* SLImageDetectionViewController.mm */ = {isa = PBXFileReference; lastKnownFileType = sourcecode.cpp.objcpp; path = SLImageDetectionViewController.mm; sourceTree = "<group>"; };
		6B8E4B2724EE0CAA003E6EC7 /* SLVideoBufferDetectionViewController.h */ = {isa = PBXFileReference; lastKnownFileType = sourcecode.c.h; path = SLVideoBufferDetectionViewController.h; sourceTree = "<group>"; };
		6B8E4B2824EE0CAA003E6EC7 /* SLVideoBufferDetectionViewController.mm */ = {isa = PBXFileReference; lastKnownFileType = sourcecode.cpp.objcpp; path = SLVideoBufferDetectionViewController.mm; sourceTree = "<group>"; };
		6B8E4B2B24EE0DD3003E6EC7 /* frame.jpg */ = {isa = PBXFileReference; lastKnownFileType = image.jpeg; path = frame.jpg; sourceTree = "<group>"; };
		6B8E4B3F24EE0EE3003E6EC7 /* opencv2.framework */ = {isa = PBXFileReference; lastKnownFileType = wrapper.framework; path = opencv2.framework; sourceTree = "<group>"; };
		6B8E4B4624EE1E79003E6EC7 /* SLFaceLandmark.framework */ = {isa = PBXFileReference; lastKnownFileType = wrapper.framework; name = SLFaceLandmark.framework; path = SLFaceLandmarkDemo/Lib/SLFaceLandmark.framework; sourceTree = "<group>"; };
		6B9765D424EE056900CDE0FB /* SLFaceLandmarkDemo.app */ = {isa = PBXFileReference; explicitFileType = wrapper.application; includeInIndex = 0; path = SLFaceLandmarkDemo.app; sourceTree = BUILT_PRODUCTS_DIR; };
		6B9765D724EE056900CDE0FB /* AppDelegate.h */ = {isa = PBXFileReference; lastKnownFileType = sourcecode.c.h; path = AppDelegate.h; sourceTree = "<group>"; };
		6B9765D824EE056900CDE0FB /* AppDelegate.m */ = {isa = PBXFileReference; lastKnownFileType = sourcecode.c.objc; path = AppDelegate.m; sourceTree = "<group>"; };
		6B9765DD24EE056900CDE0FB /* ViewController.h */ = {isa = PBXFileReference; lastKnownFileType = sourcecode.c.h; path = ViewController.h; sourceTree = "<group>"; };
		6B9765DE24EE056900CDE0FB /* ViewController.m */ = {isa = PBXFileReference; lastKnownFileType = sourcecode.c.objc; path = ViewController.m; sourceTree = "<group>"; };
		6B9765E124EE056900CDE0FB /* Base */ = {isa = PBXFileReference; lastKnownFileType = file.storyboard; name = Base; path = Base.lproj/Main.storyboard; sourceTree = "<group>"; };
		6B9765E324EE056B00CDE0FB /* Assets.xcassets */ = {isa = PBXFileReference; lastKnownFileType = folder.assetcatalog; path = Assets.xcassets; sourceTree = "<group>"; };
		6B9765E624EE056B00CDE0FB /* Base */ = {isa = PBXFileReference; lastKnownFileType = file.storyboard; name = Base; path = Base.lproj/LaunchScreen.storyboard; sourceTree = "<group>"; };
		6B9765E824EE056B00CDE0FB /* Info.plist */ = {isa = PBXFileReference; lastKnownFileType = text.plist.xml; path = Info.plist; sourceTree = "<group>"; };
		6B9765E924EE056B00CDE0FB /* main.m */ = {isa = PBXFileReference; lastKnownFileType = sourcecode.c.objc; path = main.m; sourceTree = "<group>"; };
		813F1C2FD12CF38E68D0CD46 /* Pods-SLFaceLandmarkDemo.debug.xcconfig */ = {isa = PBXFileReference; includeInIndex = 1; lastKnownFileType = text.xcconfig; name = "Pods-SLFaceLandmarkDemo.debug.xcconfig"; path = "Pods/Target Support Files/Pods-SLFaceLandmarkDemo/Pods-SLFaceLandmarkDemo.debug.xcconfig"; sourceTree = "<group>"; };
		8A7F4DF726242CB06A4CF17A /* libPods-SLFaceLandmarkDemo.a */ = {isa = PBXFileReference; explicitFileType = archive.ar; includeInIndex = 0; path = "libPods-SLFaceLandmarkDemo.a"; sourceTree = BUILT_PRODUCTS_DIR; };
/* End PBXFileReference section */

/* Begin PBXFrameworksBuildPhase section */
		6B9765D124EE056900CDE0FB /* Frameworks */ = {
			isa = PBXFrameworksBuildPhase;
			buildActionMask = 2147483647;
			files = (
				6B8E4B4124EE0EE3003E6EC7 /* opencv2.framework in Frameworks */,
				0A32FCD81C77727A880FDF76 /* libPods-SLFaceLandmarkDemo.a in Frameworks */,
				6B713892253154E900F8A89B /* SLFaceLandmark.framework in Frameworks */,
			);
			runOnlyForDeploymentPostprocessing = 0;
		};
/* End PBXFrameworksBuildPhase section */

/* Begin PBXGroup section */
		3B78329106E2EEF8C444FCC7 /* Pods */ = {
			isa = PBXGroup;
			children = (
				813F1C2FD12CF38E68D0CD46 /* Pods-SLFaceLandmarkDemo.debug.xcconfig */,
				20CA21FA3C0657A78E5EE0E4 /* Pods-SLFaceLandmarkDemo.release.xcconfig */,
			);
			name = Pods;
			sourceTree = "<group>";
		};
		68BF40AAB94038E8B2D89AC1 /* Frameworks */ = {
			isa = PBXGroup;
			children = (
				6B8E4B4624EE1E79003E6EC7 /* SLFaceLandmark.framework */,
				8A7F4DF726242CB06A4CF17A /* libPods-SLFaceLandmarkDemo.a */,
			);
			name = Frameworks;
			sourceTree = "<group>";
		};
		6B06553A25183E3000D94D5E /* FaceAnalyzer */ = {
			isa = PBXGroup;
			children = (
				6B784F182530308F00317D03 /* Features */,
				6B784F14252FF4A000317D03 /* Utils */,
				6B06553B25183E5B00D94D5E /* SLFacialFeatureAnalyzer.h */,
				6B06553C25183E5B00D94D5E /* SLFacialFeatureAnalyzer.m */,
			);
			path = FaceAnalyzer;
			sourceTree = "<group>";
		};
		6B0DB81225024E0C004DFD14 /* Category */ = {
			isa = PBXGroup;
			children = (
				6B0DB81425024E1A004DFD14 /* UIImage+HETARFace.h */,
				6B0DB81325024E1A004DFD14 /* UIImage+HETARFace.m */,
			);
			path = Category;
			sourceTree = "<group>";
		};
		6B5088B324F3865400D64877 /* Common */ = {
			isa = PBXGroup;
			children = (
				6B5088C124F3879C00D64877 /* SSAnimationDelegate.h */,
				6B5088C024F3879C00D64877 /* SSAnimationDelegate.m */,
				6B5088BD24F3868400D64877 /* SSFaceObject.h */,
				6B5088BE24F3868500D64877 /* SSFaceObject.m */,
				6B5088BA24F3867800D64877 /* AVCaptureDevice+SSDevice.h */,
				6B5088B724F3867700D64877 /* AVCaptureDevice+SSDevice.m */,
				6B5088B924F3867800D64877 /* UIDevice+SSDevice.h */,
				6B5088B824F3867800D64877 /* UIDevice+SSDevice.m */,
				6B5088B524F3866D00D64877 /* SSCamera.h */,
				6B5088B424F3866D00D64877 /* SSCamera.m */,
			);
			path = Common;
			sourceTree = "<group>";
		};
		6B5088C424F3949900D64877 /* View */ = {
			isa = PBXGroup;
			children = (
				6B5088C624F3949F00D64877 /* SSGLKView.h */,
				6B5088C524F3949F00D64877 /* SSGLKView.m */,
			);
			path = View;
			sourceTree = "<group>";
		};
		6B784F14252FF4A000317D03 /* Utils */ = {
			isa = PBXGroup;
			children = (
				6B784F1C25303BE700317D03 /* SLPointsUtils.h */,
				6B784F1D25303BE700317D03 /* SLPointsUtils.m */,
				6B784F15252FF4D100317D03 /* SLArithmeticUtils.h */,
				6B784F16252FF4D100317D03 /* SLArithmeticUtils.m */,
			);
			path = Utils;
			sourceTree = "<group>";
		};
		6B784F182530308F00317D03 /* Features */ = {
			isa = PBXGroup;
			children = (
				6B0C24C72530461500341772 /* SLBaseAnalyzer.h */,
				6B0C24C82530461500341772 /* SLBaseAnalyzer.m */,
				6B0C24CD25304BB900341772 /* SLJawFeatureAnalyzer.h */,
				6B0C24CE25304BB900341772 /* SLJawFeatureAnalyzer.m */,
				6B0C24CA2530462E00341772 /* SLNoseFeatureAnalyzer.h */,
				6B0C24CB2530462E00341772 /* SLNoseFeatureAnalyzer.m */,
				6B0C24D02530524700341772 /* SLMouthFeatureAnalyzer.h */,
				6B0C24D12530524700341772 /* SLMouthFeatureAnalyzer.m */,
				6B0C24D32530555C00341772 /* SLEyeFeatureAnalyzer.h */,
				6B0C24D42530555C00341772 /* SLEyeFeatureAnalyzer.m */,
				6B0C24D62530556C00341772 /* SLEyeBrowFeatureAnalyzer.h */,
				6B0C24D72530556C00341772 /* SLEyeBrowFeatureAnalyzer.m */,
				6B0C24D92530557B00341772 /* SLFaceFeatureAnalyzer.h */,
				6B0C24DA2530557B00341772 /* SLFaceFeatureAnalyzer.m */,
				6B0C24DC2530559000341772 /* SLFiveEyesAnalyzer.h */,
				6B0C24DD2530559000341772 /* SLFiveEyesAnalyzer.m */,
				6B0C24DF253055A000341772 /* SLGoldenTriangleAnalyzer.h */,
				6B0C24E0253055A000341772 /* SLGoldenTriangleAnalyzer.m */,
				6B0C24E2253055B000341772 /* SLThreePartsAnalyzer.h */,
				6B0C24E3253055B000341772 /* SLThreePartsAnalyzer.m */,
			);
			path = Features;
			sourceTree = "<group>";
		};
		6B8E4B1624EE089E003E6EC7 /* ViewController */ = {
			isa = PBXGroup;
			children = (
				6B0DB81225024E0C004DFD14 /* Category */,
				6B5088C424F3949900D64877 /* View */,
				6B8E4B1924EE08BB003E6EC7 /* Video */,
				6B8E4B1824EE08B1003E6EC7 /* Image */,
				6B8E4B1724EE08A6003E6EC7 /* Base */,
			);
			path = ViewController;
			sourceTree = "<group>";
		};
		6B8E4B1724EE08A6003E6EC7 /* Base */ = {
			isa = PBXGroup;
			children = (
				6B8E4B1B24EE0951003E6EC7 /* SLNavigationController.h */,
				6B8E4B1C24EE0951003E6EC7 /* SLNavigationController.m */,
				6B8E4B1E24EE099D003E6EC7 /* SLCommonViewController.h */,
				6B8E4B1F24EE099D003E6EC7 /* SLCommonViewController.m */,
				6B8E4B2124EE09CF003E6EC7 /* SLTableViewController.h */,
				6B8E4B2224EE09CF003E6EC7 /* SLTableViewController.m */,
			);
			path = Base;
			sourceTree = "<group>";
		};
		6B8E4B1824EE08B1003E6EC7 /* Image */ = {
			isa = PBXGroup;
			children = (
				6B8E4B2424EE0C9C003E6EC7 /* SLImageDetectionViewController.h */,
				6B8E4B2524EE0C9C003E6EC7 /* SLImageDetectionViewController.mm */,
			);
			path = Image;
			sourceTree = "<group>";
		};
		6B8E4B1924EE08BB003E6EC7 /* Video */ = {
			isa = PBXGroup;
			children = (
				6B8E4B2724EE0CAA003E6EC7 /* SLVideoBufferDetectionViewController.h */,
				6B8E4B2824EE0CAA003E6EC7 /* SLVideoBufferDetectionViewController.mm */,
			);
			path = Video;
			sourceTree = "<group>";
		};
		6B8E4B1A24EE08C7003E6EC7 /* AppDelegate */ = {
			isa = PBXGroup;
			children = (
				6B9765D724EE056900CDE0FB /* AppDelegate.h */,
				6B9765D824EE056900CDE0FB /* AppDelegate.m */,
			);
			path = AppDelegate;
			sourceTree = "<group>";
		};
		6B8E4B2A24EE0DCB003E6EC7 /* Resource */ = {
			isa = PBXGroup;
			children = (
				6B0DB80F25023178004DFD14 /* 1FBD663F-A932-4168-8984-E94278B018BF.jpg */,
				6B5679F124FCC9A200EE0008 /* rsa_private_key_pkcs8.pem */,
				6B8BC68A24F8DA3F004C4BF0 /* rsa_public_key.pem */,
				6B8E4B2B24EE0DD3003E6EC7 /* frame.jpg */,
			);
			path = Resource;
			sourceTree = "<group>";
		};
		6B8E4B2D24EE0EAD003E6EC7 /* Lib */ = {
			isa = PBXGroup;
			children = (
				6B713890253154E400F8A89B /* SLFaceLandmark.framework */,
				6B8E4B3F24EE0EE3003E6EC7 /* opencv2.framework */,
			);
			path = Lib;
			sourceTree = "<group>";
		};
		6B9765CB24EE056900CDE0FB = {
			isa = PBXGroup;
			children = (
				6B9765D624EE056900CDE0FB /* SLFaceLandmarkDemo */,
				6B9765D524EE056900CDE0FB /* Products */,
				3B78329106E2EEF8C444FCC7 /* Pods */,
				68BF40AAB94038E8B2D89AC1 /* Frameworks */,
			);
			sourceTree = "<group>";
		};
		6B9765D524EE056900CDE0FB /* Products */ = {
			isa = PBXGroup;
			children = (
				6B9765D424EE056900CDE0FB /* SLFaceLandmarkDemo.app */,
			);
			name = Products;
			sourceTree = "<group>";
		};
		6B9765D624EE056900CDE0FB /* SLFaceLandmarkDemo */ = {
			isa = PBXGroup;
			children = (
				6B06553A25183E3000D94D5E /* FaceAnalyzer */,
				6B5088B324F3865400D64877 /* Common */,
				6B8E4B2D24EE0EAD003E6EC7 /* Lib */,
				6B8E4B2A24EE0DCB003E6EC7 /* Resource */,
				6B8E4B1A24EE08C7003E6EC7 /* AppDelegate */,
				6B8E4B1624EE089E003E6EC7 /* ViewController */,
				6B9765DD24EE056900CDE0FB /* ViewController.h */,
				6B9765DE24EE056900CDE0FB /* ViewController.m */,
				6B9765E024EE056900CDE0FB /* Main.storyboard */,
				6B9765E324EE056B00CDE0FB /* Assets.xcassets */,
				6B9765E524EE056B00CDE0FB /* LaunchScreen.storyboard */,
				6B9765E824EE056B00CDE0FB /* Info.plist */,
				6B9765E924EE056B00CDE0FB /* main.m */,
			);
			path = SLFaceLandmarkDemo;
			sourceTree = "<group>";
		};
/* End PBXGroup section */

/* Begin PBXNativeTarget section */
		6B9765D324EE056900CDE0FB /* SLFaceLandmarkDemo */ = {
			isa = PBXNativeTarget;
			buildConfigurationList = 6B9765ED24EE056B00CDE0FB /* Build configuration list for PBXNativeTarget "SLFaceLandmarkDemo" */;
			buildPhases = (
				98D566BB943CBC5D64B5D0C9 /* [CP] Check Pods Manifest.lock */,
				6B9765D024EE056900CDE0FB /* Sources */,
				6B9765D124EE056900CDE0FB /* Frameworks */,
				6B9765D224EE056900CDE0FB /* Resources */,
				25CC85BEEE1FB8FB02378E41 /* [CP] Copy Pods Resources */,
				6B71385C25314FB600F8A89B /* Embed Frameworks */,
			);
			buildRules = (
			);
			dependencies = (
			);
			name = SLFaceLandmarkDemo;
			productName = SLFaceLandmarkDemo;
			productReference = 6B9765D424EE056900CDE0FB /* SLFaceLandmarkDemo.app */;
			productType = "com.apple.product-type.application";
		};
/* End PBXNativeTarget section */

/* Begin PBXProject section */
		6B9765CC24EE056900CDE0FB /* Project object */ = {
			isa = PBXProject;
			attributes = {
				LastUpgradeCheck = 1200;
				ORGANIZATIONNAME = "马远征";
				TargetAttributes = {
					6B9765D324EE056900CDE0FB = {
						CreatedOnToolsVersion = 11.6;
					};
				};
			};
			buildConfigurationList = 6B9765CF24EE056900CDE0FB /* Build configuration list for PBXProject "SLFaceLandmarkDemo" */;
			compatibilityVersion = "Xcode 9.3";
			developmentRegion = en;
			hasScannedForEncodings = 0;
			knownRegions = (
				en,
				Base,
			);
			mainGroup = 6B9765CB24EE056900CDE0FB;
			productRefGroup = 6B9765D524EE056900CDE0FB /* Products */;
			projectDirPath = "";
			projectRoot = "";
			targets = (
				6B9765D324EE056900CDE0FB /* SLFaceLandmarkDemo */,
			);
		};
/* End PBXProject section */

/* Begin PBXResourcesBuildPhase section */
		6B9765D224EE056900CDE0FB /* Resources */ = {
			isa = PBXResourcesBuildPhase;
			buildActionMask = 2147483647;
			files = (
				6B9765E724EE056B00CDE0FB /* LaunchScreen.storyboard in Resources */,
				6B8BC68B24F8DA3F004C4BF0 /* rsa_public_key.pem in Resources */,
				6B9765E424EE056B00CDE0FB /* Assets.xcassets in Resources */,
				6B9765E224EE056900CDE0FB /* Main.storyboard in Resources */,
				6B0DB81125023178004DFD14 /* 1FBD663F-A932-4168-8984-E94278B018BF.jpg in Resources */,
				6B8E4B2C24EE0DD3003E6EC7 /* frame.jpg in Resources */,
				6B5679F324FCC9A200EE0008 /* rsa_private_key_pkcs8.pem in Resources */,
			);
			runOnlyForDeploymentPostprocessing = 0;
		};
/* End PBXResourcesBuildPhase section */

/* Begin PBXShellScriptBuildPhase section */
		25CC85BEEE1FB8FB02378E41 /* [CP] Copy Pods Resources */ = {
			isa = PBXShellScriptBuildPhase;
			buildActionMask = 2147483647;
			files = (
			);
			inputFileListPaths = (
				"${PODS_ROOT}/Target Support Files/Pods-SLFaceLandmarkDemo/Pods-SLFaceLandmarkDemo-resources-${CONFIGURATION}-input-files.xcfilelist",
			);
			name = "[CP] Copy Pods Resources";
			outputFileListPaths = (
				"${PODS_ROOT}/Target Support Files/Pods-SLFaceLandmarkDemo/Pods-SLFaceLandmarkDemo-resources-${CONFIGURATION}-output-files.xcfilelist",
			);
			runOnlyForDeploymentPostprocessing = 0;
			shellPath = /bin/sh;
			shellScript = "\"${PODS_ROOT}/Target Support Files/Pods-SLFaceLandmarkDemo/Pods-SLFaceLandmarkDemo-resources.sh\"\n";
			showEnvVarsInLog = 0;
		};
		98D566BB943CBC5D64B5D0C9 /* [CP] Check Pods Manifest.lock */ = {
			isa = PBXShellScriptBuildPhase;
			buildActionMask = 2147483647;
			files = (
			);
			inputPaths = (
				"${PODS_PODFILE_DIR_PATH}/Podfile.lock",
				"${PODS_ROOT}/Manifest.lock",
			);
			name = "[CP] Check Pods Manifest.lock";
			outputPaths = (
				"$(DERIVED_FILE_DIR)/Pods-SLFaceLandmarkDemo-checkManifestLockResult.txt",
			);
			runOnlyForDeploymentPostprocessing = 0;
			shellPath = /bin/sh;
			shellScript = "diff \"${PODS_PODFILE_DIR_PATH}/Podfile.lock\" \"${PODS_ROOT}/Manifest.lock\" > /dev/null\nif [ $? != 0 ] ; then\n    # print error to STDERR\n    echo \"error: The sandbox is not in sync with the Podfile.lock. Run 'pod install' or update your CocoaPods installation.\" >&2\n    exit 1\nfi\n# This output is used by Xcode 'outputs' to avoid re-running this script phase.\necho \"SUCCESS\" > \"${SCRIPT_OUTPUT_FILE_0}\"\n";
			showEnvVarsInLog = 0;
		};
/* End PBXShellScriptBuildPhase section */

/* Begin PBXSourcesBuildPhase section */
		6B9765D024EE056900CDE0FB /* Sources */ = {
			isa = PBXSourcesBuildPhase;
			buildActionMask = 2147483647;
			files = (
				6B9765DF24EE056900CDE0FB /* ViewController.m in Sources */,
				6B5088C224F3879C00D64877 /* SSAnimationDelegate.m in Sources */,
				6B0C24D52530555C00341772 /* SLEyeFeatureAnalyzer.m in Sources */,
				6B06553D25183E5B00D94D5E /* SLFacialFeatureAnalyzer.m in Sources */,
				6B0C24E1253055A000341772 /* SLGoldenTriangleAnalyzer.m in Sources */,
				6B9765D924EE056900CDE0FB /* AppDelegate.m in Sources */,
				6B0C24E4253055B000341772 /* SLThreePartsAnalyzer.m in Sources */,
				6B5088BB24F3867800D64877 /* AVCaptureDevice+SSDevice.m in Sources */,
				6B0C24CF25304BB900341772 /* SLJawFeatureAnalyzer.m in Sources */,
				6B8E4B2324EE09CF003E6EC7 /* SLTableViewController.m in Sources */,
				6B0C24C92530461500341772 /* SLBaseAnalyzer.m in Sources */,
				6B8E4B1D24EE0951003E6EC7 /* SLNavigationController.m in Sources */,
				6B0DB81525024E1A004DFD14 /* UIImage+HETARFace.m in Sources */,
				6B784F17252FF4D100317D03 /* SLArithmeticUtils.m in Sources */,
				6B5088B624F3866D00D64877 /* SSCamera.m in Sources */,
				6B0C24CC2530462E00341772 /* SLNoseFeatureAnalyzer.m in Sources */,
				6B784F1E25303BE700317D03 /* SLPointsUtils.m in Sources */,
				6B8E4B2624EE0C9C003E6EC7 /* SLImageDetectionViewController.mm in Sources */,
				6B0C24D22530524700341772 /* SLMouthFeatureAnalyzer.m in Sources */,
				6B8E4B2024EE099D003E6EC7 /* SLCommonViewController.m in Sources */,
				6B5088C724F3949F00D64877 /* SSGLKView.m in Sources */,
				6B5088BF24F3868500D64877 /* SSFaceObject.m in Sources */,
				6B9765EA24EE056B00CDE0FB /* main.m in Sources */,
				6B5088BC24F3867800D64877 /* UIDevice+SSDevice.m in Sources */,
				6B0C24DE2530559000341772 /* SLFiveEyesAnalyzer.m in Sources */,
				6B0C24DB2530557B00341772 /* SLFaceFeatureAnalyzer.m in Sources */,
				6B8E4B2924EE0CAA003E6EC7 /* SLVideoBufferDetectionViewController.mm in Sources */,
				6B0C24D82530556C00341772 /* SLEyeBrowFeatureAnalyzer.m in Sources */,
			);
			runOnlyForDeploymentPostprocessing = 0;
		};
/* End PBXSourcesBuildPhase section */

/* Begin PBXVariantGroup section */
		6B9765E024EE056900CDE0FB /* Main.storyboard */ = {
			isa = PBXVariantGroup;
			children = (
				6B9765E124EE056900CDE0FB /* Base */,
			);
			name = Main.storyboard;
			sourceTree = "<group>";
		};
		6B9765E524EE056B00CDE0FB /* LaunchScreen.storyboard */ = {
			isa = PBXVariantGroup;
			children = (
				6B9765E624EE056B00CDE0FB /* Base */,
			);
			name = LaunchScreen.storyboard;
			sourceTree = "<group>";
		};
/* End PBXVariantGroup section */

/* Begin XCBuildConfiguration section */
		6B9765EB24EE056B00CDE0FB /* Debug */ = {
			isa = XCBuildConfiguration;
			buildSettings = {
				ALWAYS_SEARCH_USER_PATHS = NO;
				CLANG_ANALYZER_NONNULL = YES;
				CLANG_ANALYZER_NUMBER_OBJECT_CONVERSION = YES_AGGRESSIVE;
				CLANG_CXX_LANGUAGE_STANDARD = "gnu++14";
				CLANG_CXX_LIBRARY = "libc++";
				CLANG_ENABLE_MODULES = YES;
				CLANG_ENABLE_OBJC_ARC = YES;
				CLANG_ENABLE_OBJC_WEAK = YES;
				CLANG_WARN_BLOCK_CAPTURE_AUTORELEASING = YES;
				CLANG_WARN_BOOL_CONVERSION = YES;
				CLANG_WARN_COMMA = YES;
				CLANG_WARN_CONSTANT_CONVERSION = YES;
				CLANG_WARN_DEPRECATED_OBJC_IMPLEMENTATIONS = YES;
				CLANG_WARN_DIRECT_OBJC_ISA_USAGE = YES_ERROR;
				CLANG_WARN_DOCUMENTATION_COMMENTS = YES;
				CLANG_WARN_EMPTY_BODY = YES;
				CLANG_WARN_ENUM_CONVERSION = YES;
				CLANG_WARN_INFINITE_RECURSION = YES;
				CLANG_WARN_INT_CONVERSION = YES;
				CLANG_WARN_NON_LITERAL_NULL_CONVERSION = YES;
				CLANG_WARN_OBJC_IMPLICIT_RETAIN_SELF = YES;
				CLANG_WARN_OBJC_LITERAL_CONVERSION = YES;
				CLANG_WARN_OBJC_ROOT_CLASS = YES_ERROR;
				CLANG_WARN_QUOTED_INCLUDE_IN_FRAMEWORK_HEADER = YES;
				CLANG_WARN_RANGE_LOOP_ANALYSIS = YES;
				CLANG_WARN_STRICT_PROTOTYPES = YES;
				CLANG_WARN_SUSPICIOUS_MOVE = YES;
				CLANG_WARN_UNGUARDED_AVAILABILITY = YES_AGGRESSIVE;
				CLANG_WARN_UNREACHABLE_CODE = YES;
				CLANG_WARN__DUPLICATE_METHOD_MATCH = YES;
				COPY_PHASE_STRIP = NO;
				DEBUG_INFORMATION_FORMAT = dwarf;
				ENABLE_STRICT_OBJC_MSGSEND = YES;
				ENABLE_TESTABILITY = YES;
				GCC_C_LANGUAGE_STANDARD = gnu11;
				GCC_DYNAMIC_NO_PIC = NO;
				GCC_NO_COMMON_BLOCKS = YES;
				GCC_OPTIMIZATION_LEVEL = 0;
				GCC_PREPROCESSOR_DEFINITIONS = (
					"DEBUG=1",
					"$(inherited)",
				);
				GCC_WARN_64_TO_32_BIT_CONVERSION = YES;
				GCC_WARN_ABOUT_RETURN_TYPE = YES_ERROR;
				GCC_WARN_UNDECLARED_SELECTOR = YES;
				GCC_WARN_UNINITIALIZED_AUTOS = YES_AGGRESSIVE;
				GCC_WARN_UNUSED_FUNCTION = YES;
				GCC_WARN_UNUSED_VARIABLE = YES;
				IPHONEOS_DEPLOYMENT_TARGET = 12.0;
				MTL_ENABLE_DEBUG_INFO = INCLUDE_SOURCE;
				MTL_FAST_MATH = YES;
				ONLY_ACTIVE_ARCH = YES;
				SDKROOT = iphoneos;
			};
			name = Debug;
		};
		6B9765EC24EE056B00CDE0FB /* Release */ = {
			isa = XCBuildConfiguration;
			buildSettings = {
				ALWAYS_SEARCH_USER_PATHS = NO;
				CLANG_ANALYZER_NONNULL = YES;
				CLANG_ANALYZER_NUMBER_OBJECT_CONVERSION = YES_AGGRESSIVE;
				CLANG_CXX_LANGUAGE_STANDARD = "gnu++14";
				CLANG_CXX_LIBRARY = "libc++";
				CLANG_ENABLE_MODULES = YES;
				CLANG_ENABLE_OBJC_ARC = YES;
				CLANG_ENABLE_OBJC_WEAK = YES;
				CLANG_WARN_BLOCK_CAPTURE_AUTORELEASING = YES;
				CLANG_WARN_BOOL_CONVERSION = YES;
				CLANG_WARN_COMMA = YES;
				CLANG_WARN_CONSTANT_CONVERSION = YES;
				CLANG_WARN_DEPRECATED_OBJC_IMPLEMENTATIONS = YES;
				CLANG_WARN_DIRECT_OBJC_ISA_USAGE = YES_ERROR;
				CLANG_WARN_DOCUMENTATION_COMMENTS = YES;
				CLANG_WARN_EMPTY_BODY = YES;
				CLANG_WARN_ENUM_CONVERSION = YES;
				CLANG_WARN_INFINITE_RECURSION = YES;
				CLANG_WARN_INT_CONVERSION = YES;
				CLANG_WARN_NON_LITERAL_NULL_CONVERSION = YES;
				CLANG_WARN_OBJC_IMPLICIT_RETAIN_SELF = YES;
				CLANG_WARN_OBJC_LITERAL_CONVERSION = YES;
				CLANG_WARN_OBJC_ROOT_CLASS = YES_ERROR;
				CLANG_WARN_QUOTED_INCLUDE_IN_FRAMEWORK_HEADER = YES;
				CLANG_WARN_RANGE_LOOP_ANALYSIS = YES;
				CLANG_WARN_STRICT_PROTOTYPES = YES;
				CLANG_WARN_SUSPICIOUS_MOVE = YES;
				CLANG_WARN_UNGUARDED_AVAILABILITY = YES_AGGRESSIVE;
				CLANG_WARN_UNREACHABLE_CODE = YES;
				CLANG_WARN__DUPLICATE_METHOD_MATCH = YES;
				COPY_PHASE_STRIP = NO;
				DEBUG_INFORMATION_FORMAT = "dwarf-with-dsym";
				ENABLE_NS_ASSERTIONS = NO;
				ENABLE_STRICT_OBJC_MSGSEND = YES;
				GCC_C_LANGUAGE_STANDARD = gnu11;
				GCC_NO_COMMON_BLOCKS = YES;
				GCC_WARN_64_TO_32_BIT_CONVERSION = YES;
				GCC_WARN_ABOUT_RETURN_TYPE = YES_ERROR;
				GCC_WARN_UNDECLARED_SELECTOR = YES;
				GCC_WARN_UNINITIALIZED_AUTOS = YES_AGGRESSIVE;
				GCC_WARN_UNUSED_FUNCTION = YES;
				GCC_WARN_UNUSED_VARIABLE = YES;
				IPHONEOS_DEPLOYMENT_TARGET = 12.0;
				MTL_ENABLE_DEBUG_INFO = NO;
				MTL_FAST_MATH = YES;
				SDKROOT = iphoneos;
				VALIDATE_PRODUCT = YES;
			};
			name = Release;
		};
		6B9765EE24EE056B00CDE0FB /* Debug */ = {
			isa = XCBuildConfiguration;
			baseConfigurationReference = 813F1C2FD12CF38E68D0CD46 /* Pods-SLFaceLandmarkDemo.debug.xcconfig */;
			buildSettings = {
				ASSETCATALOG_COMPILER_APPICON_NAME = AppIcon;
				CODE_SIGN_IDENTITY = "Apple Development";
				CODE_SIGN_STYLE = Automatic;
				CURRENT_PROJECT_VERSION = 6;
				DEVELOPMENT_TEAM = WU2WFZ2B66;
				ENABLE_BITCODE = NO;
				FRAMEWORK_SEARCH_PATHS = (
					"$(inherited)",
					"$(PROJECT_DIR)/SLFaceLandmarkDemo/Lib",
				);
				INFOPLIST_FILE = SLFaceLandmarkDemo/Info.plist;
				IPHONEOS_DEPLOYMENT_TARGET = 12.0;
				LD_RUNPATH_SEARCH_PATHS = (
					"$(inherited)",
					"@executable_path/Frameworks",
				);
				MARKETING_VERSION = 1.0.0;
				PRODUCT_BUNDLE_IDENTIFIER = com.slss.facelandmark;
				PRODUCT_NAME = "$(TARGET_NAME)";
				PROVISIONING_PROFILE_SPECIFIER = "";
				TARGETED_DEVICE_FAMILY = "1,2";
			};
			name = Debug;
		};
		6B9765EF24EE056B00CDE0FB /* Release */ = {
			isa = XCBuildConfiguration;
			baseConfigurationReference = 20CA21FA3C0657A78E5EE0E4 /* Pods-SLFaceLandmarkDemo.release.xcconfig */;
			buildSettings = {
				ASSETCATALOG_COMPILER_APPICON_NAME = AppIcon;
				CODE_SIGN_IDENTITY = "Apple Development";
				CODE_SIGN_STYLE = Automatic;
				CURRENT_PROJECT_VERSION = 6;
				DEVELOPMENT_TEAM = WU2WFZ2B66;
				ENABLE_BITCODE = NO;
				FRAMEWORK_SEARCH_PATHS = (
					"$(inherited)",
					"$(PROJECT_DIR)/SLFaceLandmarkDemo/Lib",
				);
				INFOPLIST_FILE = SLFaceLandmarkDemo/Info.plist;
				IPHONEOS_DEPLOYMENT_TARGET = 12.0;
				LD_RUNPATH_SEARCH_PATHS = (
					"$(inherited)",
					"@executable_path/Frameworks",
				);
				MARKETING_VERSION = 1.0.0;
				PRODUCT_BUNDLE_IDENTIFIER = com.slss.facelandmark;
				PRODUCT_NAME = "$(TARGET_NAME)";
				PROVISIONING_PROFILE_SPECIFIER = "";
				TARGETED_DEVICE_FAMILY = "1,2";
			};
			name = Release;
		};
/* End XCBuildConfiguration section */

/* Begin XCConfigurationList section */
		6B9765CF24EE056900CDE0FB /* Build configuration list for PBXProject "SLFaceLandmarkDemo" */ = {
			isa = XCConfigurationList;
			buildConfigurations = (
				6B9765EB24EE056B00CDE0FB /* Debug */,
				6B9765EC24EE056B00CDE0FB /* Release */,
			);
			defaultConfigurationIsVisible = 0;
			defaultConfigurationName = Release;
		};
		6B9765ED24EE056B00CDE0FB /* Build configuration list for PBXNativeTarget "SLFaceLandmarkDemo" */ = {
			isa = XCConfigurationList;
			buildConfigurations = (
				6B9765EE24EE056B00CDE0FB /* Debug */,
				6B9765EF24EE056B00CDE0FB /* Release */,
			);
			defaultConfigurationIsVisible = 0;
			defaultConfigurationName = Release;
		};
/* End XCConfigurationList section */
	};
	rootObject = 6B9765CC24EE056900CDE0FB /* Project object */;
}
